
Microsoft Visual Studio Solution File, Format Version 12.00
# Visual Studio Version 16
VisualStudioVersion = 16.0.30413.136
MinimumVisualStudioVersion = 10.0.40219.1
Project("{9A19103F-16F7-4668-BE54-9A1E7A4F7556}") = "[3_1] bedingte Anweisungen", "ErsteApp\[3_1] bedingte Anweisungen.csproj", "{B2432BEF-6100-42AD-825E-07A5A1E5F561}"
EndProject
Project("{9A19103F-16F7-4668-BE54-9A1E7A4F7556}") = "[4_1] Kassenbon", "[4_1] Kassenbon\[4_1] Kassenbon.csproj", "{BBAF21C0-D6C8-45AC-9A34-0B8E161D1D66}"
EndProject
Project("{9A19103F-16F7-4668-BE54-9A1E7A4F7556}") = "[4_1] TemperaturRechner", "TemperaturRechner\[4_1] TemperaturRechner.csproj", "{27D4A54A-2449-4C4D-8907-E5E57630A62B}"
EndProject
Project("{9A19103F-16F7-4668-BE54-9A1E7A4F7556}") = "[4_1] Notenrechner", "[4_1] Notenrechner\[4_1] Notenrechner.csproj", "{95F44F70-B4CB-421A-B63D-9BD7CBC8977B}"
EndProject
Project("{9A19103F-16F7-4668-BE54-9A1E7A4F7556}") = "Übungen PDF 6", "Übungen PDF 5\Übungen PDF 6.csproj", "{AB06E326-D183-49E5-9D3F-335EC78AB44C}"
EndProject
Project("{9A19103F-16F7-4668-BE54-9A1E7A4F7556}") = "PDF_6_Aufgabe_1", "PDF_6_Aufgabe_1\PDF_6_Aufgabe_1.csproj", "{6BB22C8E-2CB1-465D-B191-0FD2216CFE7C}"
EndProject
Project("{9A19103F-16F7-4668-BE54-9A1E7A4F7556}") = "PDF_7", "PDF_7\PDF_7.csproj", "{E1350D19-3749-407A-9248-A5246188076F}"
EndProject
Project("{FAE04EC0-301F-11D3-BF4B-00C04F79EFBC}") = "PDF_7_Aufgabe_4_Forms", "PDF_7_Aufgabe_4_Forms\PDF_7_Aufgabe_4_Forms.csproj", "{7FAFB4C2-4BB6-4EF8-ACF5-A519703E9826}"
EndProject
Project("{FAE04EC0-301F-11D3-BF4B-00C04F79EFBC}") = "PDF7_3 (Nimm Spiel)", "PDF7_3 (Nimm Spiel)\PDF7_3 (Nimm Spiel).csproj", "{7458D826-C45E-4944-B2B1-3D0E3FCE077E}"
EndProject
Project("{FAE04EC0-301F-11D3-BF4B-00C04F79EFBC}") = "Sandbox", "_Sandbox\Sandbox.csproj", "{FEE66451-0169-483E-981A-92E2F8252216}"
EndProject
Project("{FAE04EC0-301F-11D3-BF4B-00C04F79EFBC}") = "Übung_09092021", "Übung_09092021\Übung_09092021.csproj", "{F0487089-AAAA-420B-BC0C-D53D69165284}"
EndProject
Project("{FAE04EC0-301F-11D3-BF4B-00C04F79EFBC}") = "Adressverwaltung", "Adressverwaltung\Adressverwaltung.csproj", "{7EE79F62-450F-48A8-AEC8-45CD82E1794C}"
EndProject
Project("{FAE04EC0-301F-11D3-BF4B-00C04F79EFBC}") = "Benutzer", "Benutzer\Benutzer.csproj", "{3B86CB73-773C-417A-95A7-EA8563B9C205}"
EndProject
Project("{FAE04EC0-301F-11D3-BF4B-00C04F79EFBC}") = "Fahrzeuge_Uebung", "Fahrzeuge_Uebung\Fahrzeuge_Uebung.csproj", "{BA058246-75B7-4327-8442-1413C77765EC}"
EndProject
Project("{FAE04EC0-301F-11D3-BF4B-00C04F79EFBC}") = "Zoogeschaeft_26.11.2021", "Zoogeschaeft_26.11.2021\Zoogeschaeft_26.11.2021.csproj", "{B0663229-97C0-4877-A73C-8E6DF6D3D717}"
EndProject
Global
	GlobalSection(SolutionConfigurationPlatforms) = preSolution
		Debug|Any CPU = Debug|Any CPU
		Release|Any CPU = Release|Any CPU
	EndGlobalSection
	GlobalSection(ProjectConfigurationPlatforms) = postSolution
		{B2432BEF-6100-42AD-825E-07A5A1E5F561}.Debug|Any CPU.ActiveCfg = Debug|Any CPU
		{B2432BEF-6100-42AD-825E-07A5A1E5F561}.Debug|Any CPU.Build.0 = Debug|Any CPU
		{B2432BEF-6100-42AD-825E-07A5A1E5F561}.Release|Any CPU.ActiveCfg = Release|Any CPU
		{B2432BEF-6100-42AD-825E-07A5A1E5F561}.Release|Any CPU.Build.0 = Release|Any CPU
		{BBAF21C0-D6C8-45AC-9A34-0B8E161D1D66}.Debug|Any CPU.ActiveCfg = Debug|Any CPU
		{BBAF21C0-D6C8-45AC-9A34-0B8E161D1D66}.Debug|Any CPU.Build.0 = Debug|Any CPU
		{BBAF21C0-D6C8-45AC-9A34-0B8E161D1D66}.Release|Any CPU.ActiveCfg = Release|Any CPU
		{BBAF21C0-D6C8-45AC-9A34-0B8E161D1D66}.Release|Any CPU.Build.0 = Release|Any CPU
		{27D4A54A-2449-4C4D-8907-E5E57630A62B}.Debug|Any CPU.ActiveCfg = Debug|Any CPU
		{27D4A54A-2449-4C4D-8907-E5E57630A62B}.Debug|Any CPU.Build.0 = Debug|Any CPU
		{27D4A54A-2449-4C4D-8907-E5E57630A62B}.Release|Any CPU.ActiveCfg = Release|Any CPU
		{27D4A54A-2449-4C4D-8907-E5E57630A62B}.Release|Any CPU.Build.0 = Release|Any CPU
		{95F44F70-B4CB-421A-B63D-9BD7CBC8977B}.Debug|Any CPU.ActiveCfg = Debug|Any CPU
		{95F44F70-B4CB-421A-B63D-9BD7CBC8977B}.Debug|Any CPU.Build.0 = Debug|Any CPU
		{95F44F70-B4CB-421A-B63D-9BD7CBC8977B}.Release|Any CPU.ActiveCfg = Release|Any CPU
		{95F44F70-B4CB-421A-B63D-9BD7CBC8977B}.Release|Any CPU.Build.0 = Release|Any CPU
		{AB06E326-D183-49E5-9D3F-335EC78AB44C}.Debug|Any CPU.ActiveCfg = Debug|Any CPU
		{AB06E326-D183-49E5-9D3F-335EC78AB44C}.Debug|Any CPU.Build.0 = Debug|Any CPU
		{AB06E326-D183-49E5-9D3F-335EC78AB44C}.Release|Any CPU.ActiveCfg = Release|Any CPU
		{AB06E326-D183-49E5-9D3F-335EC78AB44C}.Release|Any CPU.Build.0 = Release|Any CPU
		{6BB22C8E-2CB1-465D-B191-0FD2216CFE7C}.Debug|Any CPU.ActiveCfg = Debug|Any CPU
		{6BB22C8E-2CB1-465D-B191-0FD2216CFE7C}.Debug|Any CPU.Build.0 = Debug|Any CPU
		{6BB22C8E-2CB1-465D-B191-0FD2216CFE7C}.Release|Any CPU.ActiveCfg = Release|Any CPU
		{6BB22C8E-2CB1-465D-B191-0FD2216CFE7C}.Release|Any CPU.Build.0 = Release|Any CPU
		{E1350D19-3749-407A-9248-A5246188076F}.Debug|Any CPU.ActiveCfg = Debug|Any CPU
		{E1350D19-3749-407A-9248-A5246188076F}.Debug|Any CPU.Build.0 = Debug|Any CPU
		{E1350D19-3749-407A-9248-A5246188076F}.Release|Any CPU.ActiveCfg = Release|Any CPU
		{E1350D19-3749-407A-9248-A5246188076F}.Release|Any CPU.Build.0 = Release|Any CPU
		{7FAFB4C2-4BB6-4EF8-ACF5-A519703E9826}.Debug|Any CPU.ActiveCfg = Debug|Any CPU
		{7FAFB4C2-4BB6-4EF8-ACF5-A519703E9826}.Debug|Any CPU.Build.0 = Debug|Any CPU
		{7FAFB4C2-4BB6-4EF8-ACF5-A519703E9826}.Release|Any CPU.ActiveCfg = Release|Any CPU
		{7FAFB4C2-4BB6-4EF8-ACF5-A519703E9826}.Release|Any CPU.Build.0 = Release|Any CPU
		{7458D826-C45E-4944-B2B1-3D0E3FCE077E}.Debug|Any CPU.ActiveCfg = Debug|Any CPU
		{7458D826-C45E-4944-B2B1-3D0E3FCE077E}.Debug|Any CPU.Build.0 = Debug|Any CPU
		{7458D826-C45E-4944-B2B1-3D0E3FCE077E}.Release|Any CPU.ActiveCfg = Release|Any CPU
		{7458D826-C45E-4944-B2B1-3D0E3FCE077E}.Release|Any CPU.Build.0 = Release|Any CPU
		{FEE66451-0169-483E-981A-92E2F8252216}.Debug|Any CPU.ActiveCfg = Debug|Any CPU
		{FEE66451-0169-483E-981A-92E2F8252216}.Debug|Any CPU.Build.0 = Debug|Any CPU
		{FEE66451-0169-483E-981A-92E2F8252216}.Release|Any CPU.ActiveCfg = Release|Any CPU
		{FEE66451-0169-483E-981A-92E2F8252216}.Release|Any CPU.Build.0 = Release|Any CPU
		{F0487089-AAAA-420B-BC0C-D53D69165284}.Debug|Any CPU.ActiveCfg = Debug|Any CPU
		{F0487089-AAAA-420B-BC0C-D53D69165284}.Debug|Any CPU.Build.0 = Debug|Any CPU
		{F0487089-AAAA-420B-BC0C-D53D69165284}.Release|Any CPU.ActiveCfg = Release|Any CPU
		{F0487089-AAAA-420B-BC0C-D53D69165284}.Release|Any CPU.Build.0 = Release|Any CPU
		{7EE79F62-450F-48A8-AEC8-45CD82E1794C}.Debug|Any CPU.ActiveCfg = Debug|Any CPU
		{7EE79F62-450F-48A8-AEC8-45CD82E1794C}.Debug|Any CPU.Build.0 = Debug|Any CPU
		{7EE79F62-450F-48A8-AEC8-45CD82E1794C}.Release|Any CPU.ActiveCfg = Release|Any CPU
		{7EE79F62-450F-48A8-AEC8-45CD82E1794C}.Release|Any CPU.Build.0 = Release|Any CPU
		{3B86CB73-773C-417A-95A7-EA8563B9C205}.Debug|Any CPU.ActiveCfg = Debug|Any CPU
		{3B86CB73-773C-417A-95A7-EA8563B9C205}.Debug|Any CPU.Build.0 = Debug|Any CPU
		{3B86CB73-773C-417A-95A7-EA8563B9C205}.Release|Any CPU.ActiveCfg = Release|Any CPU
		{3B86CB73-773C-417A-95A7-EA8563B9C205}.Release|Any CPU.Build.0 = Release|Any CPU
		{BA058246-75B7-4327-8442-1413C77765EC}.Debug|Any CPU.ActiveCfg = Debug|Any CPU
		{BA058246-75B7-4327-8442-1413C77765EC}.Debug|Any CPU.Build.0 = Debug|Any CPU
		{BA058246-75B7-4327-8442-1413C77765EC}.Release|Any CPU.ActiveCfg = Release|Any CPU
		{BA058246-75B7-4327-8442-1413C77765EC}.Release|Any CPU.Build.0 = Release|Any CPU
		{B0663229-97C0-4877-A73C-8E6DF6D3D717}.Debug|Any CPU.ActiveCfg = Debug|Any CPU
		{B0663229-97C0-4877-A73C-8E6DF6D3D717}.Debug|Any CPU.Build.0 = Debug|Any CPU
		{B0663229-97C0-4877-A73C-8E6DF6D3D717}.Release|Any CPU.ActiveCfg = Release|Any CPU
		{B0663229-97C0-4877-A73C-8E6DF6D3D717}.Release|Any CPU.Build.0 = Release|Any CPU
	EndGlobalSection
	GlobalSection(SolutionProperties) = preSolution
		HideSolutionNode = FALSE
	EndGlobalSection
	GlobalSection(ExtensibilityGlobals) = postSolution
		SolutionGuid = {E9E0DB1D-97C6-4D5F-AE1D-0FBF907D5850}
	EndGlobalSection
EndGlobal
