
Microsoft Visual Studio Solution File, Format Version 12.00
# Visual Studio Version 16
VisualStudioVersion = 16.0.30413.136
MinimumVisualStudioVersion = 10.0.40219.1
Project("{9A19103F-16F7-4668-BE54-9A1E7A4F7556}") = "[3_1] bedingte Anweisungen", "ErsteApp\[3_1] bedingte Anweisungen.csproj", "{B2432BEF-6100-42AD-825E-07A5A1E5F561}"
EndProject
Project("{9A19103F-16F7-4668-BE54-9A1E7A4F7556}") = "[4_1] Kassenbon", "[4_1] Kassenbon\[4_1] Kassenbon.csproj", "{BBAF21C0-D6C8-45AC-9A34-0B8E161D1D66}"
EndProject
Project("{9A19103F-16F7-4668-BE54-9A1E7A4F7556}") = "[4_1] TemperaturRechner", "TemperaturRechner\[4_1] TemperaturRechner.csproj", "{27D4A54A-2449-4C4D-8907-E5E57630A62B}"
EndProject
Global
	GlobalSection(SolutionConfigurationPlatforms) = preSolution
		Debug|Any CPU = Debug|Any CPU
		Release|Any CPU = Release|Any CPU
	EndGlobalSection
	GlobalSection(ProjectConfigurationPlatforms) = postSolution
		{B2432BEF-6100-42AD-825E-07A5A1E5F561}.Debug|Any CPU.ActiveCfg = Debug|Any CPU
		{B2432BEF-6100-42AD-825E-07A5A1E5F561}.Debug|Any CPU.Build.0 = Debug|Any CPU
		{B2432BEF-6100-42AD-825E-07A5A1E5F561}.Release|Any CPU.ActiveCfg = Release|Any CPU
		{B2432BEF-6100-42AD-825E-07A5A1E5F561}.Release|Any CPU.Build.0 = Release|Any CPU
		{BBAF21C0-D6C8-45AC-9A34-0B8E161D1D66}.Debug|Any CPU.ActiveCfg = Debug|Any CPU
		{BBAF21C0-D6C8-45AC-9A34-0B8E161D1D66}.Debug|Any CPU.Build.0 = Debug|Any CPU
		{BBAF21C0-D6C8-45AC-9A34-0B8E161D1D66}.Release|Any CPU.ActiveCfg = Release|Any CPU
		{BBAF21C0-D6C8-45AC-9A34-0B8E161D1D66}.Release|Any CPU.Build.0 = Release|Any CPU
		{27D4A54A-2449-4C4D-8907-E5E57630A62B}.Debug|Any CPU.ActiveCfg = Debug|Any CPU
		{27D4A54A-2449-4C4D-8907-E5E57630A62B}.Debug|Any CPU.Build.0 = Debug|Any CPU
		{27D4A54A-2449-4C4D-8907-E5E57630A62B}.Release|Any CPU.ActiveCfg = Release|Any CPU
		{27D4A54A-2449-4C4D-8907-E5E57630A62B}.Release|Any CPU.Build.0 = Release|Any CPU
	EndGlobalSection
	GlobalSection(SolutionProperties) = preSolution
		HideSolutionNode = FALSE
	EndGlobalSection
	GlobalSection(ExtensibilityGlobals) = postSolution
		SolutionGuid = {E9E0DB1D-97C6-4D5F-AE1D-0FBF907D5850}
	EndGlobalSection
EndGlobal
